
Microsoft Visual Studio Solution File, Format Version 12.00
Project("{FAE04EC0-301F-11D3-BF4B-00C04F79EFBC}") = "API", "API\API.csproj", "{3A1DD8EF-3AF9-453E-9C9A-4AC89DFE05FC}"
EndProject
Project("{FAE04EC0-301F-11D3-BF4B-00C04F79EFBC}") = "Infrastructure", "Infrastructure\Infrastructure.csproj", "{F3496EE9-5A23-4B0B-81E2-AB70EFF9F13D}"
EndProject
Project("{FAE04EC0-301F-11D3-BF4B-00C04F79EFBC}") = "ApplicationServices", "ApplicationServices\ApplicationServices.csproj", "{FE2505EB-5DB1-48CA-BF0E-C0DB87867CD0}"
EndProject
Project("{FAE04EC0-301F-11D3-BF4B-00C04F79EFBC}") = "Data", "Data\Data.csproj", "{16C0D0E6-1466-419F-8E47-590ECAD3B941}"
EndProject
Project("{FAE04EC0-301F-11D3-BF4B-00C04F79EFBC}") = "Domain", "Domain\Domain.csproj", "{7448C4D6-9659-472D-8639-8C2C2EF078C2}"
EndProject
Project("{2150E333-8FDC-42A3-9474-1A3956D46DE8}") = "Tests", "Tests", "{BBD2CC4E-4E09-491A-A1AC-E62ACB776395}"
EndProject
Project("{FAE04EC0-301F-11D3-BF4B-00C04F79EFBC}") = "ApplicationServices.Tests", "tests\ApplicationServices.Tests\ApplicationServices.Tests.csproj", "{F055F057-568D-461E-956D-F96D3B823E51}"
EndProject
Global
	GlobalSection(SolutionConfigurationPlatforms) = preSolution
		Debug|Any CPU = Debug|Any CPU
		Release|Any CPU = Release|Any CPU
	EndGlobalSection
	GlobalSection(ProjectConfigurationPlatforms) = postSolution
		{3A1DD8EF-3AF9-453E-9C9A-4AC89DFE05FC}.Debug|Any CPU.ActiveCfg = Debug|Any CPU
		{3A1DD8EF-3AF9-453E-9C9A-4AC89DFE05FC}.Debug|Any CPU.Build.0 = Debug|Any CPU
		{3A1DD8EF-3AF9-453E-9C9A-4AC89DFE05FC}.Release|Any CPU.ActiveCfg = Release|Any CPU
		{3A1DD8EF-3AF9-453E-9C9A-4AC89DFE05FC}.Release|Any CPU.Build.0 = Release|Any CPU
		{F3496EE9-5A23-4B0B-81E2-AB70EFF9F13D}.Debug|Any CPU.ActiveCfg = Debug|Any CPU
		{F3496EE9-5A23-4B0B-81E2-AB70EFF9F13D}.Debug|Any CPU.Build.0 = Debug|Any CPU
		{F3496EE9-5A23-4B0B-81E2-AB70EFF9F13D}.Release|Any CPU.ActiveCfg = Release|Any CPU
		{F3496EE9-5A23-4B0B-81E2-AB70EFF9F13D}.Release|Any CPU.Build.0 = Release|Any CPU
		{FE2505EB-5DB1-48CA-BF0E-C0DB87867CD0}.Debug|Any CPU.ActiveCfg = Debug|Any CPU
		{FE2505EB-5DB1-48CA-BF0E-C0DB87867CD0}.Debug|Any CPU.Build.0 = Debug|Any CPU
		{FE2505EB-5DB1-48CA-BF0E-C0DB87867CD0}.Release|Any CPU.ActiveCfg = Release|Any CPU
		{FE2505EB-5DB1-48CA-BF0E-C0DB87867CD0}.Release|Any CPU.Build.0 = Release|Any CPU
		{16C0D0E6-1466-419F-8E47-590ECAD3B941}.Debug|Any CPU.ActiveCfg = Debug|Any CPU
		{16C0D0E6-1466-419F-8E47-590ECAD3B941}.Debug|Any CPU.Build.0 = Debug|Any CPU
		{16C0D0E6-1466-419F-8E47-590ECAD3B941}.Release|Any CPU.ActiveCfg = Release|Any CPU
		{16C0D0E6-1466-419F-8E47-590ECAD3B941}.Release|Any CPU.Build.0 = Release|Any CPU
		{7448C4D6-9659-472D-8639-8C2C2EF078C2}.Debug|Any CPU.ActiveCfg = Debug|Any CPU
		{7448C4D6-9659-472D-8639-8C2C2EF078C2}.Debug|Any CPU.Build.0 = Debug|Any CPU
		{7448C4D6-9659-472D-8639-8C2C2EF078C2}.Release|Any CPU.ActiveCfg = Release|Any CPU
		{7448C4D6-9659-472D-8639-8C2C2EF078C2}.Release|Any CPU.Build.0 = Release|Any CPU
		{F055F057-568D-461E-956D-F96D3B823E51}.Debug|Any CPU.ActiveCfg = Debug|Any CPU
		{F055F057-568D-461E-956D-F96D3B823E51}.Debug|Any CPU.Build.0 = Debug|Any CPU
		{F055F057-568D-461E-956D-F96D3B823E51}.Release|Any CPU.ActiveCfg = Release|Any CPU
		{F055F057-568D-461E-956D-F96D3B823E51}.Release|Any CPU.Build.0 = Release|Any CPU
	EndGlobalSection
	GlobalSection(NestedProjects) = preSolution
		{F055F057-568D-461E-956D-F96D3B823E51} = {BBD2CC4E-4E09-491A-A1AC-E62ACB776395}
	EndGlobalSection
EndGlobal
